
Microsoft Visual Studio Solution File, Format Version 12.00
# Visual Studio Version 17
VisualStudioVersion = 17.3.32819.101
MinimumVisualStudioVersion = 10.0.40219.1
Project("{2150E333-8FDC-42A3-9474-1A3956D46DE8}") = "Core", "Core", "{D6BA9092-1193-4688-9BC1-7C2FFC74ED11}"
EndProject
Project("{2150E333-8FDC-42A3-9474-1A3956D46DE8}") = "Infrastucture", "Infrastucture", "{8DD01B99-98D4-42A0-9DFD-2994E23786E8}"
EndProject
Project("{2150E333-8FDC-42A3-9474-1A3956D46DE8}") = "Presentation", "Presentation", "{69EE4D64-D7B2-4CBD-89CF-E70463A7425D}"
EndProject
Project("{2150E333-8FDC-42A3-9474-1A3956D46DE8}") = "Tests", "Tests", "{3E0F771D-DCB2-4999-9B1B-B4E4B92E9D9B}"
EndProject
Project("{9A19103F-16F7-4668-BE54-9A1E7A4F7556}") = "Notes.Domain", "Notes.Domain\Notes.Domain.csproj", "{669F2BE4-C9BB-4490-8E8D-2C1F39528AC8}"
EndProject
Project("{9A19103F-16F7-4668-BE54-9A1E7A4F7556}") = "Notes.Application", "Notes.Application\Notes.Application.csproj", "{3DC47E46-796F-407A-91FF-A2ED73D77A42}"
	ProjectSection(ProjectDependencies) = postProject
		{669F2BE4-C9BB-4490-8E8D-2C1F39528AC8} = {669F2BE4-C9BB-4490-8E8D-2C1F39528AC8}
	EndProjectSection
EndProject
Project("{9A19103F-16F7-4668-BE54-9A1E7A4F7556}") = "Notes.Persistence", "Notes.Persistence\Notes.Persistence.csproj", "{0D6229B1-7181-4B92-97C8-42E09DE0865D}"
	ProjectSection(ProjectDependencies) = postProject
		{3DC47E46-796F-407A-91FF-A2ED73D77A42} = {3DC47E46-796F-407A-91FF-A2ED73D77A42}
		{669F2BE4-C9BB-4490-8E8D-2C1F39528AC8} = {669F2BE4-C9BB-4490-8E8D-2C1F39528AC8}
	EndProjectSection
EndProject
Project("{9A19103F-16F7-4668-BE54-9A1E7A4F7556}") = "Notes.WebApi", "Notes.WebApi\Notes.WebApi.csproj", "{C30B61A6-EDD9-4A90-984C-980D9B81056F}"
EndProject
Project("{FAE04EC0-301F-11D3-BF4B-00C04F79EFBC}") = "Notes.Tests", "Notes.Tests\Notes.Tests.csproj", "{B3151803-4A34-4578-AE48-E0C850CDF7D6}"
	ProjectSection(ProjectDependencies) = postProject
		{0D6229B1-7181-4B92-97C8-42E09DE0865D} = {0D6229B1-7181-4B92-97C8-42E09DE0865D}
		{3DC47E46-796F-407A-91FF-A2ED73D77A42} = {3DC47E46-796F-407A-91FF-A2ED73D77A42}
	EndProjectSection
EndProject
Global
	GlobalSection(SolutionConfigurationPlatforms) = preSolution
		Debug|Any CPU = Debug|Any CPU
		Release|Any CPU = Release|Any CPU
	EndGlobalSection
	GlobalSection(ProjectConfigurationPlatforms) = postSolution
		{669F2BE4-C9BB-4490-8E8D-2C1F39528AC8}.Debug|Any CPU.ActiveCfg = Debug|Any CPU
		{669F2BE4-C9BB-4490-8E8D-2C1F39528AC8}.Debug|Any CPU.Build.0 = Debug|Any CPU
		{669F2BE4-C9BB-4490-8E8D-2C1F39528AC8}.Release|Any CPU.ActiveCfg = Release|Any CPU
		{669F2BE4-C9BB-4490-8E8D-2C1F39528AC8}.Release|Any CPU.Build.0 = Release|Any CPU
		{3DC47E46-796F-407A-91FF-A2ED73D77A42}.Debug|Any CPU.ActiveCfg = Debug|Any CPU
		{3DC47E46-796F-407A-91FF-A2ED73D77A42}.Debug|Any CPU.Build.0 = Debug|Any CPU
		{3DC47E46-796F-407A-91FF-A2ED73D77A42}.Release|Any CPU.ActiveCfg = Release|Any CPU
		{3DC47E46-796F-407A-91FF-A2ED73D77A42}.Release|Any CPU.Build.0 = Release|Any CPU
		{0D6229B1-7181-4B92-97C8-42E09DE0865D}.Debug|Any CPU.ActiveCfg = Debug|Any CPU
		{0D6229B1-7181-4B92-97C8-42E09DE0865D}.Debug|Any CPU.Build.0 = Debug|Any CPU
		{0D6229B1-7181-4B92-97C8-42E09DE0865D}.Release|Any CPU.ActiveCfg = Release|Any CPU
		{0D6229B1-7181-4B92-97C8-42E09DE0865D}.Release|Any CPU.Build.0 = Release|Any CPU
		{C30B61A6-EDD9-4A90-984C-980D9B81056F}.Debug|Any CPU.ActiveCfg = Debug|Any CPU
		{C30B61A6-EDD9-4A90-984C-980D9B81056F}.Debug|Any CPU.Build.0 = Debug|Any CPU
		{C30B61A6-EDD9-4A90-984C-980D9B81056F}.Release|Any CPU.ActiveCfg = Release|Any CPU
		{C30B61A6-EDD9-4A90-984C-980D9B81056F}.Release|Any CPU.Build.0 = Release|Any CPU
		{B3151803-4A34-4578-AE48-E0C850CDF7D6}.Debug|Any CPU.ActiveCfg = Debug|Any CPU
		{B3151803-4A34-4578-AE48-E0C850CDF7D6}.Debug|Any CPU.Build.0 = Debug|Any CPU
		{B3151803-4A34-4578-AE48-E0C850CDF7D6}.Release|Any CPU.ActiveCfg = Release|Any CPU
		{B3151803-4A34-4578-AE48-E0C850CDF7D6}.Release|Any CPU.Build.0 = Release|Any CPU
	EndGlobalSection
	GlobalSection(SolutionProperties) = preSolution
		HideSolutionNode = FALSE
	EndGlobalSection
	GlobalSection(NestedProjects) = preSolution
		{669F2BE4-C9BB-4490-8E8D-2C1F39528AC8} = {D6BA9092-1193-4688-9BC1-7C2FFC74ED11}
		{3DC47E46-796F-407A-91FF-A2ED73D77A42} = {D6BA9092-1193-4688-9BC1-7C2FFC74ED11}
		{0D6229B1-7181-4B92-97C8-42E09DE0865D} = {8DD01B99-98D4-42A0-9DFD-2994E23786E8}
		{C30B61A6-EDD9-4A90-984C-980D9B81056F} = {69EE4D64-D7B2-4CBD-89CF-E70463A7425D}
		{B3151803-4A34-4578-AE48-E0C850CDF7D6} = {3E0F771D-DCB2-4999-9B1B-B4E4B92E9D9B}
	EndGlobalSection
	GlobalSection(ExtensibilityGlobals) = postSolution
		SolutionGuid = {99AA4C1A-CE25-4079-91F8-79C1C9079CA4}
	EndGlobalSection
EndGlobal
